// !$*UTF8*$!
{
	archiveVersion = 1;
	classes = {
	};
	objectVersion = 55;
	objects = {

/* Begin PBXBuildFile section */
		F242D268276163F700589322 /* Tests_iOS.swift in Sources */ = {isa = PBXBuildFile; fileRef = F242D267276163F700589322 /* Tests_iOS.swift */; };
		F242D26A276163F700589322 /* Tests_iOSLaunchTests.swift in Sources */ = {isa = PBXBuildFile; fileRef = F242D269276163F700589322 /* Tests_iOSLaunchTests.swift */; };
		F242D274276163F700589322 /* Tests_macOS.swift in Sources */ = {isa = PBXBuildFile; fileRef = F242D273276163F700589322 /* Tests_macOS.swift */; };
		F242D276276163F700589322 /* Tests_macOSLaunchTests.swift in Sources */ = {isa = PBXBuildFile; fileRef = F242D275276163F700589322 /* Tests_macOSLaunchTests.swift */; };
		F242D277276163F700589322 /* StaserainTvApp.swift in Sources */ = {isa = PBXBuildFile; fileRef = F242D24F276163F500589322 /* StaserainTvApp.swift */; };
		F242D278276163F700589322 /* StaserainTvApp.swift in Sources */ = {isa = PBXBuildFile; fileRef = F242D24F276163F500589322 /* StaserainTvApp.swift */; };
		F242D279276163F700589322 /* ChannelView.swift in Sources */ = {isa = PBXBuildFile; fileRef = F242D250276163F500589322 /* ChannelView.swift */; };
		F242D27A276163F700589322 /* ChannelView.swift in Sources */ = {isa = PBXBuildFile; fileRef = F242D250276163F500589322 /* ChannelView.swift */; };
		F242D27B276163F700589322 /* Assets.xcassets in Resources */ = {isa = PBXBuildFile; fileRef = F242D251276163F700589322 /* Assets.xcassets */; };
		F242D27C276163F700589322 /* Assets.xcassets in Resources */ = {isa = PBXBuildFile; fileRef = F242D251276163F700589322 /* Assets.xcassets */; };
		F27E9F4E27678265007C2CFE /* MainPage.swift in Sources */ = {isa = PBXBuildFile; fileRef = F27E9F4D27678265007C2CFE /* MainPage.swift */; };
		F27E9F4F27678268007C2CFE /* MainPage.swift in Sources */ = {isa = PBXBuildFile; fileRef = F27E9F4D27678265007C2CFE /* MainPage.swift */; };
		F27E9F5127678723007C2CFE /* HomeView.swift in Sources */ = {isa = PBXBuildFile; fileRef = F27E9F5027678723007C2CFE /* HomeView.swift */; };
/* End PBXBuildFile section */

/* Begin PBXContainerItemProxy section */
		F242D264276163F700589322 /* PBXContainerItemProxy */ = {
			isa = PBXContainerItemProxy;
			containerPortal = F242D24A276163F400589322 /* Project object */;
			proxyType = 1;
			remoteGlobalIDString = F242D255276163F700589322;
			remoteInfo = "StaserainTv (iOS)";
		};
		F242D270276163F700589322 /* PBXContainerItemProxy */ = {
			isa = PBXContainerItemProxy;
			containerPortal = F242D24A276163F400589322 /* Project object */;
			proxyType = 1;
			remoteGlobalIDString = F242D25B276163F700589322;
			remoteInfo = "StaserainTv (macOS)";
		};
/* End PBXContainerItemProxy section */

/* Begin PBXFileReference section */
		F242D24F276163F500589322 /* StaserainTvApp.swift */ = {isa = PBXFileReference; lastKnownFileType = sourcecode.swift; path = StaserainTvApp.swift; sourceTree = "<group>"; };
		F242D250276163F500589322 /* ChannelView.swift */ = {isa = PBXFileReference; lastKnownFileType = sourcecode.swift; path = ChannelView.swift; sourceTree = "<group>"; };
		F242D251276163F700589322 /* Assets.xcassets */ = {isa = PBXFileReference; lastKnownFileType = folder.assetcatalog; path = Assets.xcassets; sourceTree = "<group>"; };
		F242D256276163F700589322 /* StaserainTv.app */ = {isa = PBXFileReference; explicitFileType = wrapper.application; includeInIndex = 0; path = StaserainTv.app; sourceTree = BUILT_PRODUCTS_DIR; };
		F242D25C276163F700589322 /* StaserainTv.app */ = {isa = PBXFileReference; explicitFileType = wrapper.application; includeInIndex = 0; path = StaserainTv.app; sourceTree = BUILT_PRODUCTS_DIR; };
		F242D25E276163F700589322 /* macOS.entitlements */ = {isa = PBXFileReference; lastKnownFileType = text.plist.entitlements; path = macOS.entitlements; sourceTree = "<group>"; };
		F242D263276163F700589322 /* Tests iOS.xctest */ = {isa = PBXFileReference; explicitFileType = wrapper.cfbundle; includeInIndex = 0; path = "Tests iOS.xctest"; sourceTree = BUILT_PRODUCTS_DIR; };
		F242D267276163F700589322 /* Tests_iOS.swift */ = {isa = PBXFileReference; lastKnownFileType = sourcecode.swift; path = Tests_iOS.swift; sourceTree = "<group>"; };
		F242D269276163F700589322 /* Tests_iOSLaunchTests.swift */ = {isa = PBXFileReference; lastKnownFileType = sourcecode.swift; path = Tests_iOSLaunchTests.swift; sourceTree = "<group>"; };
		F242D26F276163F700589322 /* Tests macOS.xctest */ = {isa = PBXFileReference; explicitFileType = wrapper.cfbundle; includeInIndex = 0; path = "Tests macOS.xctest"; sourceTree = BUILT_PRODUCTS_DIR; };
		F242D273276163F700589322 /* Tests_macOS.swift */ = {isa = PBXFileReference; lastKnownFileType = sourcecode.swift; path = Tests_macOS.swift; sourceTree = "<group>"; };
		F242D275276163F700589322 /* Tests_macOSLaunchTests.swift */ = {isa = PBXFileReference; lastKnownFileType = sourcecode.swift; path = Tests_macOSLaunchTests.swift; sourceTree = "<group>"; };
		F27E9F4D27678265007C2CFE /* MainPage.swift */ = {isa = PBXFileReference; lastKnownFileType = sourcecode.swift; path = MainPage.swift; sourceTree = "<group>"; };
		F27E9F5027678723007C2CFE /* HomeView.swift */ = {isa = PBXFileReference; lastKnownFileType = sourcecode.swift; path = HomeView.swift; sourceTree = "<group>"; };
/* End PBXFileReference section */

/* Begin PBXFrameworksBuildPhase section */
		F242D253276163F700589322 /* Frameworks */ = {
			isa = PBXFrameworksBuildPhase;
			buildActionMask = 2147483647;
			files = (
			);
			runOnlyForDeploymentPostprocessing = 0;
		};
		F242D259276163F700589322 /* Frameworks */ = {
			isa = PBXFrameworksBuildPhase;
			buildActionMask = 2147483647;
			files = (
			);
			runOnlyForDeploymentPostprocessing = 0;
		};
		F242D260276163F700589322 /* Frameworks */ = {
			isa = PBXFrameworksBuildPhase;
			buildActionMask = 2147483647;
			files = (
			);
			runOnlyForDeploymentPostprocessing = 0;
		};
		F242D26C276163F700589322 /* Frameworks */ = {
			isa = PBXFrameworksBuildPhase;
			buildActionMask = 2147483647;
			files = (
			);
			runOnlyForDeploymentPostprocessing = 0;
		};
/* End PBXFrameworksBuildPhase section */

/* Begin PBXGroup section */
		F242D249276163F400589322 = {
			isa = PBXGroup;
			children = (
				F242D24E276163F500589322 /* Shared */,
				F242D25D276163F700589322 /* macOS */,
				F242D266276163F700589322 /* Tests iOS */,
				F242D272276163F700589322 /* Tests macOS */,
				F242D257276163F700589322 /* Products */,
			);
			sourceTree = "<group>";
		};
		F242D24E276163F500589322 /* Shared */ = {
			isa = PBXGroup;
			children = (
				F242D24F276163F500589322 /* StaserainTvApp.swift */,
				F27E9F4D27678265007C2CFE /* MainPage.swift */,
				F242D250276163F500589322 /* ChannelView.swift */,
				F27E9F5027678723007C2CFE /* HomeView.swift */,
				F242D251276163F700589322 /* Assets.xcassets */,
			);
			path = Shared;
			sourceTree = "<group>";
		};
		F242D257276163F700589322 /* Products */ = {
			isa = PBXGroup;
			children = (
				F242D256276163F700589322 /* StaserainTv.app */,
				F242D25C276163F700589322 /* StaserainTv.app */,
				F242D263276163F700589322 /* Tests iOS.xctest */,
				F242D26F276163F700589322 /* Tests macOS.xctest */,
			);
			name = Products;
			sourceTree = "<group>";
		};
		F242D25D276163F700589322 /* macOS */ = {
			isa = PBXGroup;
			children = (
				F242D25E276163F700589322 /* macOS.entitlements */,
			);
			path = macOS;
			sourceTree = "<group>";
		};
		F242D266276163F700589322 /* Tests iOS */ = {
			isa = PBXGroup;
			children = (
				F242D267276163F700589322 /* Tests_iOS.swift */,
				F242D269276163F700589322 /* Tests_iOSLaunchTests.swift */,
			);
			path = "Tests iOS";
			sourceTree = "<group>";
		};
		F242D272276163F700589322 /* Tests macOS */ = {
			isa = PBXGroup;
			children = (
				F242D273276163F700589322 /* Tests_macOS.swift */,
				F242D275276163F700589322 /* Tests_macOSLaunchTests.swift */,
			);
			path = "Tests macOS";
			sourceTree = "<group>";
		};
/* End PBXGroup section */

/* Begin PBXNativeTarget section */
		F242D255276163F700589322 /* StaserainTv (iOS) */ = {
			isa = PBXNativeTarget;
			buildConfigurationList = F242D27F276163F700589322 /* Build configuration list for PBXNativeTarget "StaserainTv (iOS)" */;
			buildPhases = (
				F242D252276163F700589322 /* Sources */,
				F242D253276163F700589322 /* Frameworks */,
				F242D254276163F700589322 /* Resources */,
			);
			buildRules = (
			);
			dependencies = (
			);
			name = "StaserainTv (iOS)";
			productName = "StaserainTv (iOS)";
			productReference = F242D256276163F700589322 /* StaserainTv.app */;
			productType = "com.apple.product-type.application";
		};
		F242D25B276163F700589322 /* StaserainTv (macOS) */ = {
			isa = PBXNativeTarget;
			buildConfigurationList = F242D282276163F700589322 /* Build configuration list for PBXNativeTarget "StaserainTv (macOS)" */;
			buildPhases = (
				F242D258276163F700589322 /* Sources */,
				F242D259276163F700589322 /* Frameworks */,
				F242D25A276163F700589322 /* Resources */,
			);
			buildRules = (
			);
			dependencies = (
			);
			name = "StaserainTv (macOS)";
			productName = "StaserainTv (macOS)";
			productReference = F242D25C276163F700589322 /* StaserainTv.app */;
			productType = "com.apple.product-type.application";
		};
		F242D262276163F700589322 /* Tests iOS */ = {
			isa = PBXNativeTarget;
			buildConfigurationList = F242D285276163F700589322 /* Build configuration list for PBXNativeTarget "Tests iOS" */;
			buildPhases = (
				F242D25F276163F700589322 /* Sources */,
				F242D260276163F700589322 /* Frameworks */,
				F242D261276163F700589322 /* Resources */,
			);
			buildRules = (
			);
			dependencies = (
				F242D265276163F700589322 /* PBXTargetDependency */,
			);
			name = "Tests iOS";
			productName = "Tests iOS";
			productReference = F242D263276163F700589322 /* Tests iOS.xctest */;
			productType = "com.apple.product-type.bundle.ui-testing";
		};
		F242D26E276163F700589322 /* Tests macOS */ = {
			isa = PBXNativeTarget;
			buildConfigurationList = F242D288276163F700589322 /* Build configuration list for PBXNativeTarget "Tests macOS" */;
			buildPhases = (
				F242D26B276163F700589322 /* Sources */,
				F242D26C276163F700589322 /* Frameworks */,
				F242D26D276163F700589322 /* Resources */,
			);
			buildRules = (
			);
			dependencies = (
				F242D271276163F700589322 /* PBXTargetDependency */,
			);
			name = "Tests macOS";
			productName = "Tests macOS";
			productReference = F242D26F276163F700589322 /* Tests macOS.xctest */;
			productType = "com.apple.product-type.bundle.ui-testing";
		};
/* End PBXNativeTarget section */

/* Begin PBXProject section */
		F242D24A276163F400589322 /* Project object */ = {
			isa = PBXProject;
			attributes = {
				BuildIndependentTargetsInParallel = 1;
				LastSwiftUpdateCheck = 1300;
				LastUpgradeCheck = 1300;
				TargetAttributes = {
					F242D255276163F700589322 = {
						CreatedOnToolsVersion = 13.0;
					};
					F242D25B276163F700589322 = {
						CreatedOnToolsVersion = 13.0;
					};
					F242D262276163F700589322 = {
						CreatedOnToolsVersion = 13.0;
						TestTargetID = F242D255276163F700589322;
					};
					F242D26E276163F700589322 = {
						CreatedOnToolsVersion = 13.0;
						TestTargetID = F242D25B276163F700589322;
					};
				};
			};
			buildConfigurationList = F242D24D276163F400589322 /* Build configuration list for PBXProject "StaserainTv" */;
			compatibilityVersion = "Xcode 13.0";
			developmentRegion = en;
			hasScannedForEncodings = 0;
			knownRegions = (
				en,
				Base,
			);
			mainGroup = F242D249276163F400589322;
			productRefGroup = F242D257276163F700589322 /* Products */;
			projectDirPath = "";
			projectRoot = "";
			targets = (
				F242D255276163F700589322 /* StaserainTv (iOS) */,
				F242D25B276163F700589322 /* StaserainTv (macOS) */,
				F242D262276163F700589322 /* Tests iOS */,
				F242D26E276163F700589322 /* Tests macOS */,
			);
		};
/* End PBXProject section */

/* Begin PBXResourcesBuildPhase section */
		F242D254276163F700589322 /* Resources */ = {
			isa = PBXResourcesBuildPhase;
			buildActionMask = 2147483647;
			files = (
				F242D27B276163F700589322 /* Assets.xcassets in Resources */,
			);
			runOnlyForDeploymentPostprocessing = 0;
		};
		F242D25A276163F700589322 /* Resources */ = {
			isa = PBXResourcesBuildPhase;
			buildActionMask = 2147483647;
			files = (
				F242D27C276163F700589322 /* Assets.xcassets in Resources */,
			);
			runOnlyForDeploymentPostprocessing = 0;
		};
		F242D261276163F700589322 /* Resources */ = {
			isa = PBXResourcesBuildPhase;
			buildActionMask = 2147483647;
			files = (
			);
			runOnlyForDeploymentPostprocessing = 0;
		};
		F242D26D276163F700589322 /* Resources */ = {
			isa = PBXResourcesBuildPhase;
			buildActionMask = 2147483647;
			files = (
			);
			runOnlyForDeploymentPostprocessing = 0;
		};
/* End PBXResourcesBuildPhase section */

/* Begin PBXSourcesBuildPhase section */
		F242D252276163F700589322 /* Sources */ = {
			isa = PBXSourcesBuildPhase;
			buildActionMask = 2147483647;
			files = (
				F242D279276163F700589322 /* ChannelView.swift in Sources */,
				F27E9F5127678723007C2CFE /* HomeView.swift in Sources */,
				F242D277276163F700589322 /* StaserainTvApp.swift in Sources */,
				F27E9F4E27678265007C2CFE /* MainPage.swift in Sources */,
			);
			runOnlyForDeploymentPostprocessing = 0;
		};
		F242D258276163F700589322 /* Sources */ = {
			isa = PBXSourcesBuildPhase;
			buildActionMask = 2147483647;
			files = (
				F242D27A276163F700589322 /* ChannelView.swift in Sources */,
				F242D278276163F700589322 /* StaserainTvApp.swift in Sources */,
				F27E9F4F27678268007C2CFE /* MainPage.swift in Sources */,
			);
			runOnlyForDeploymentPostprocessing = 0;
		};
		F242D25F276163F700589322 /* Sources */ = {
			isa = PBXSourcesBuildPhase;
			buildActionMask = 2147483647;
			files = (
				F242D26A276163F700589322 /* Tests_iOSLaunchTests.swift in Sources */,
				F242D268276163F700589322 /* Tests_iOS.swift in Sources */,
			);
			runOnlyForDeploymentPostprocessing = 0;
		};
		F242D26B276163F700589322 /* Sources */ = {
			isa = PBXSourcesBuildPhase;
			buildActionMask = 2147483647;
			files = (
				F242D276276163F700589322 /* Tests_macOSLaunchTests.swift in Sources */,
				F242D274276163F700589322 /* Tests_macOS.swift in Sources */,
			);
			runOnlyForDeploymentPostprocessing = 0;
		};
/* End PBXSourcesBuildPhase section */

/* Begin PBXTargetDependency section */
		F242D265276163F700589322 /* PBXTargetDependency */ = {
			isa = PBXTargetDependency;
			target = F242D255276163F700589322 /* StaserainTv (iOS) */;
			targetProxy = F242D264276163F700589322 /* PBXContainerItemProxy */;
		};
		F242D271276163F700589322 /* PBXTargetDependency */ = {
			isa = PBXTargetDependency;
			target = F242D25B276163F700589322 /* StaserainTv (macOS) */;
			targetProxy = F242D270276163F700589322 /* PBXContainerItemProxy */;
		};
/* End PBXTargetDependency section */

/* Begin XCBuildConfiguration section */
		F242D27D276163F700589322 /* Debug */ = {
			isa = XCBuildConfiguration;
			buildSettings = {
				ALWAYS_SEARCH_USER_PATHS = NO;
				CLANG_ANALYZER_NONNULL = YES;
				CLANG_ANALYZER_NUMBER_OBJECT_CONVERSION = YES_AGGRESSIVE;
				CLANG_CXX_LANGUAGE_STANDARD = "gnu++17";
				CLANG_CXX_LIBRARY = "libc++";
				CLANG_ENABLE_MODULES = YES;
				CLANG_ENABLE_OBJC_ARC = YES;
				CLANG_ENABLE_OBJC_WEAK = YES;
				CLANG_WARN_BLOCK_CAPTURE_AUTORELEASING = YES;
				CLANG_WARN_BOOL_CONVERSION = YES;
				CLANG_WARN_COMMA = YES;
				CLANG_WARN_CONSTANT_CONVERSION = YES;
				CLANG_WARN_DEPRECATED_OBJC_IMPLEMENTATIONS = YES;
				CLANG_WARN_DIRECT_OBJC_ISA_USAGE = YES_ERROR;
				CLANG_WARN_DOCUMENTATION_COMMENTS = YES;
				CLANG_WARN_EMPTY_BODY = YES;
				CLANG_WARN_ENUM_CONVERSION = YES;
				CLANG_WARN_INFINITE_RECURSION = YES;
				CLANG_WARN_INT_CONVERSION = YES;
				CLANG_WARN_NON_LITERAL_NULL_CONVERSION = YES;
				CLANG_WARN_OBJC_IMPLICIT_RETAIN_SELF = YES;
				CLANG_WARN_OBJC_LITERAL_CONVERSION = YES;
				CLANG_WARN_OBJC_ROOT_CLASS = YES_ERROR;
				CLANG_WARN_QUOTED_INCLUDE_IN_FRAMEWORK_HEADER = YES;
				CLANG_WARN_RANGE_LOOP_ANALYSIS = YES;
				CLANG_WARN_STRICT_PROTOTYPES = YES;
				CLANG_WARN_SUSPICIOUS_MOVE = YES;
				CLANG_WARN_UNGUARDED_AVAILABILITY = YES_AGGRESSIVE;
				CLANG_WARN_UNREACHABLE_CODE = YES;
				CLANG_WARN__DUPLICATE_METHOD_MATCH = YES;
				COPY_PHASE_STRIP = NO;
				DEBUG_INFORMATION_FORMAT = dwarf;
				ENABLE_STRICT_OBJC_MSGSEND = YES;
				ENABLE_TESTABILITY = YES;
				GCC_C_LANGUAGE_STANDARD = gnu11;
				GCC_DYNAMIC_NO_PIC = NO;
				GCC_NO_COMMON_BLOCKS = YES;
				GCC_OPTIMIZATION_LEVEL = 0;
				GCC_PREPROCESSOR_DEFINITIONS = (
					"DEBUG=1",
					"$(inherited)",
				);
				GCC_WARN_64_TO_32_BIT_CONVERSION = YES;
				GCC_WARN_ABOUT_RETURN_TYPE = YES_ERROR;
				GCC_WARN_UNDECLARED_SELECTOR = YES;
				GCC_WARN_UNINITIALIZED_AUTOS = YES_AGGRESSIVE;
				GCC_WARN_UNUSED_FUNCTION = YES;
				GCC_WARN_UNUSED_VARIABLE = YES;
				MTL_ENABLE_DEBUG_INFO = INCLUDE_SOURCE;
				MTL_FAST_MATH = YES;
				ONLY_ACTIVE_ARCH = YES;
				SWIFT_ACTIVE_COMPILATION_CONDITIONS = DEBUG;
				SWIFT_OPTIMIZATION_LEVEL = "-Onone";
			};
			name = Debug;
		};
		F242D27E276163F700589322 /* Release */ = {
			isa = XCBuildConfiguration;
			buildSettings = {
				ALWAYS_SEARCH_USER_PATHS = NO;
				CLANG_ANALYZER_NONNULL = YES;
				CLANG_ANALYZER_NUMBER_OBJECT_CONVERSION = YES_AGGRESSIVE;
				CLANG_CXX_LANGUAGE_STANDARD = "gnu++17";
				CLANG_CXX_LIBRARY = "libc++";
				CLANG_ENABLE_MODULES = YES;
				CLANG_ENABLE_OBJC_ARC = YES;
				CLANG_ENABLE_OBJC_WEAK = YES;
				CLANG_WARN_BLOCK_CAPTURE_AUTORELEASING = YES;
				CLANG_WARN_BOOL_CONVERSION = YES;
				CLANG_WARN_COMMA = YES;
				CLANG_WARN_CONSTANT_CONVERSION = YES;
				CLANG_WARN_DEPRECATED_OBJC_IMPLEMENTATIONS = YES;
				CLANG_WARN_DIRECT_OBJC_ISA_USAGE = YES_ERROR;
				CLANG_WARN_DOCUMENTATION_COMMENTS = YES;
				CLANG_WARN_EMPTY_BODY = YES;
				CLANG_WARN_ENUM_CONVERSION = YES;
				CLANG_WARN_INFINITE_RECURSION = YES;
				CLANG_WARN_INT_CONVERSION = YES;
				CLANG_WARN_NON_LITERAL_NULL_CONVERSION = YES;
				CLANG_WARN_OBJC_IMPLICIT_RETAIN_SELF = YES;
				CLANG_WARN_OBJC_LITERAL_CONVERSION = YES;
				CLANG_WARN_OBJC_ROOT_CLASS = YES_ERROR;
				CLANG_WARN_QUOTED_INCLUDE_IN_FRAMEWORK_HEADER = YES;
				CLANG_WARN_RANGE_LOOP_ANALYSIS = YES;
				CLANG_WARN_STRICT_PROTOTYPES = YES;
				CLANG_WARN_SUSPICIOUS_MOVE = YES;
				CLANG_WARN_UNGUARDED_AVAILABILITY = YES_AGGRESSIVE;
				CLANG_WARN_UNREACHABLE_CODE = YES;
				CLANG_WARN__DUPLICATE_METHOD_MATCH = YES;
				COPY_PHASE_STRIP = NO;
				DEBUG_INFORMATION_FORMAT = "dwarf-with-dsym";
				ENABLE_NS_ASSERTIONS = NO;
				ENABLE_STRICT_OBJC_MSGSEND = YES;
				GCC_C_LANGUAGE_STANDARD = gnu11;
				GCC_NO_COMMON_BLOCKS = YES;
				GCC_WARN_64_TO_32_BIT_CONVERSION = YES;
				GCC_WARN_ABOUT_RETURN_TYPE = YES_ERROR;
				GCC_WARN_UNDECLARED_SELECTOR = YES;
				GCC_WARN_UNINITIALIZED_AUTOS = YES_AGGRESSIVE;
				GCC_WARN_UNUSED_FUNCTION = YES;
				GCC_WARN_UNUSED_VARIABLE = YES;
				MTL_ENABLE_DEBUG_INFO = NO;
				MTL_FAST_MATH = YES;
				SWIFT_COMPILATION_MODE = wholemodule;
				SWIFT_OPTIMIZATION_LEVEL = "-O";
			};
			name = Release;
		};
		F242D280276163F700589322 /* Debug */ = {
			isa = XCBuildConfiguration;
			buildSettings = {
				ASSETCATALOG_COMPILER_APPICON_NAME = AppIcon;
				ASSETCATALOG_COMPILER_GLOBAL_ACCENT_COLOR_NAME = AccentColor;
				CODE_SIGN_STYLE = Automatic;
				CURRENT_PROJECT_VERSION = 1;
				DEVELOPMENT_TEAM = QVGK2F2JSS;
				ENABLE_PREVIEWS = YES;
				GENERATE_INFOPLIST_FILE = YES;
				INFOPLIST_KEY_UIApplicationSceneManifest_Generation = YES;
				INFOPLIST_KEY_UIApplicationSupportsIndirectInputEvents = YES;
				INFOPLIST_KEY_UILaunchScreen_Generation = YES;
				INFOPLIST_KEY_UISupportedInterfaceOrientations_iPad = "UIInterfaceOrientationPortrait UIInterfaceOrientationPortraitUpsideDown UIInterfaceOrientationLandscapeLeft UIInterfaceOrientationLandscapeRight";
				INFOPLIST_KEY_UISupportedInterfaceOrientations_iPhone = "UIInterfaceOrientationPortrait UIInterfaceOrientationLandscapeLeft UIInterfaceOrientationLandscapeRight";
				IPHONEOS_DEPLOYMENT_TARGET = 15.0;
				LD_RUNPATH_SEARCH_PATHS = (
					"$(inherited)",
					"@executable_path/Frameworks",
				);
				MARKETING_VERSION = 1.0;
				PRODUCT_BUNDLE_IDENTIFIER = fede.StaserainTv;
				PRODUCT_NAME = StaserainTv;
				SDKROOT = iphoneos;
				SWIFT_EMIT_LOC_STRINGS = YES;
				SWIFT_VERSION = 5.0;
				TARGETED_DEVICE_FAMILY = "1,2";
			};
			name = Debug;
		};
		F242D281276163F700589322 /* Release */ = {
			isa = XCBuildConfiguration;
			buildSettings = {
				ASSETCATALOG_COMPILER_APPICON_NAME = AppIcon;
				ASSETCATALOG_COMPILER_GLOBAL_ACCENT_COLOR_NAME = AccentColor;
				CODE_SIGN_STYLE = Automatic;
				CURRENT_PROJECT_VERSION = 1;
				DEVELOPMENT_TEAM = QVGK2F2JSS;
				ENABLE_PREVIEWS = YES;
				GENERATE_INFOPLIST_FILE = YES;
				INFOPLIST_KEY_UIApplicationSceneManifest_Generation = YES;
				INFOPLIST_KEY_UIApplicationSupportsIndirectInputEvents = YES;
				INFOPLIST_KEY_UILaunchScreen_Generation = YES;
				INFOPLIST_KEY_UISupportedInterfaceOrientations_iPad = "UIInterfaceOrientationPortrait UIInterfaceOrientationPortraitUpsideDown UIInterfaceOrientationLandscapeLeft UIInterfaceOrientationLandscapeRight";
				INFOPLIST_KEY_UISupportedInterfaceOrientations_iPhone = "UIInterfaceOrientationPortrait UIInterfaceOrientationLandscapeLeft UIInterfaceOrientationLandscapeRight";
				IPHONEOS_DEPLOYMENT_TARGET = 15.0;
				LD_RUNPATH_SEARCH_PATHS = (
					"$(inherited)",
					"@executable_path/Frameworks",
				);
				MARKETING_VERSION = 1.0;
				PRODUCT_BUNDLE_IDENTIFIER = fede.StaserainTv;
				PRODUCT_NAME = StaserainTv;
				SDKROOT = iphoneos;
				SWIFT_EMIT_LOC_STRINGS = YES;
				SWIFT_VERSION = 5.0;
				TARGETED_DEVICE_FAMILY = "1,2";
				VALIDATE_PRODUCT = YES;
			};
			name = Release;
		};
		F242D283276163F700589322 /* Debug */ = {
			isa = XCBuildConfiguration;
			buildSettings = {
				ASSETCATALOG_COMPILER_APPICON_NAME = AppIcon;
				ASSETCATALOG_COMPILER_GLOBAL_ACCENT_COLOR_NAME = AccentColor;
				CODE_SIGN_ENTITLEMENTS = macOS/macOS.entitlements;
				CODE_SIGN_STYLE = Automatic;
				COMBINE_HIDPI_IMAGES = YES;
				CURRENT_PROJECT_VERSION = 1;
				ENABLE_PREVIEWS = YES;
				GENERATE_INFOPLIST_FILE = YES;
				INFOPLIST_KEY_NSHumanReadableCopyright = "";
				LD_RUNPATH_SEARCH_PATHS = (
					"$(inherited)",
					"@executable_path/../Frameworks",
				);
				MACOSX_DEPLOYMENT_TARGET = 11.0;
				MARKETING_VERSION = 1.0;
				PRODUCT_BUNDLE_IDENTIFIER = fede.StaserainTv;
				PRODUCT_NAME = StaserainTv;
				SDKROOT = macosx;
				SWIFT_EMIT_LOC_STRINGS = YES;
				SWIFT_VERSION = 5.0;
			};
			name = Debug;
		};
		F242D284276163F700589322 /* Release */ = {
			isa = XCBuildConfiguration;
			buildSettings = {
				ASSETCATALOG_COMPILER_APPICON_NAME = AppIcon;
				ASSETCATALOG_COMPILER_GLOBAL_ACCENT_COLOR_NAME = AccentColor;
				CODE_SIGN_ENTITLEMENTS = macOS/macOS.entitlements;
				CODE_SIGN_STYLE = Automatic;
				COMBINE_HIDPI_IMAGES = YES;
				CURRENT_PROJECT_VERSION = 1;
				ENABLE_PREVIEWS = YES;
				GENERATE_INFOPLIST_FILE = YES;
				INFOPLIST_KEY_NSHumanReadableCopyright = "";
				LD_RUNPATH_SEARCH_PATHS = (
					"$(inherited)",
					"@executable_path/../Frameworks",
				);
				MACOSX_DEPLOYMENT_TARGET = 11.0;
				MARKETING_VERSION = 1.0;
				PRODUCT_BUNDLE_IDENTIFIER = fede.StaserainTv;
				PRODUCT_NAME = StaserainTv;
				SDKROOT = macosx;
				SWIFT_EMIT_LOC_STRINGS = YES;
				SWIFT_VERSION = 5.0;
			};
			name = Release;
		};
		F242D286276163F700589322 /* Debug */ = {
			isa = XCBuildConfiguration;
			buildSettings = {
				ALWAYS_EMBED_SWIFT_STANDARD_LIBRARIES = YES;
				CODE_SIGN_STYLE = Automatic;
				CURRENT_PROJECT_VERSION = 1;
				GENERATE_INFOPLIST_FILE = YES;
				IPHONEOS_DEPLOYMENT_TARGET = 15.0;
				LD_RUNPATH_SEARCH_PATHS = (
					"$(inherited)",
					"@executable_path/Frameworks",
					"@loader_path/Frameworks",
				);
				MARKETING_VERSION = 1.0;
				PRODUCT_BUNDLE_IDENTIFIER = "fede.Tests-iOS";
				PRODUCT_NAME = "$(TARGET_NAME)";
				SDKROOT = iphoneos;
				SWIFT_EMIT_LOC_STRINGS = NO;
				SWIFT_VERSION = 5.0;
				TARGETED_DEVICE_FAMILY = "1,2";
				TEST_TARGET_NAME = "StaserainTv (iOS)";
			};
			name = Debug;
		};
		F242D287276163F700589322 /* Release */ = {
			isa = XCBuildConfiguration;
			buildSettings = {
				ALWAYS_EMBED_SWIFT_STANDARD_LIBRARIES = YES;
				CODE_SIGN_STYLE = Automatic;
				CURRENT_PROJECT_VERSION = 1;
				GENERATE_INFOPLIST_FILE = YES;
				IPHONEOS_DEPLOYMENT_TARGET = 15.0;
				LD_RUNPATH_SEARCH_PATHS = (
					"$(inherited)",
					"@executable_path/Frameworks",
					"@loader_path/Frameworks",
				);
				MARKETING_VERSION = 1.0;
				PRODUCT_BUNDLE_IDENTIFIER = "fede.Tests-iOS";
				PRODUCT_NAME = "$(TARGET_NAME)";
				SDKROOT = iphoneos;
				SWIFT_EMIT_LOC_STRINGS = NO;
				SWIFT_VERSION = 5.0;
				TARGETED_DEVICE_FAMILY = "1,2";
				TEST_TARGET_NAME = "StaserainTv (iOS)";
				VALIDATE_PRODUCT = YES;
			};
			name = Release;
		};
		F242D289276163F700589322 /* Debug */ = {
			isa = XCBuildConfiguration;
			buildSettings = {
				ALWAYS_EMBED_SWIFT_STANDARD_LIBRARIES = YES;
				CODE_SIGN_STYLE = Automatic;
				COMBINE_HIDPI_IMAGES = YES;
				CURRENT_PROJECT_VERSION = 1;
				GENERATE_INFOPLIST_FILE = YES;
				LD_RUNPATH_SEARCH_PATHS = (
					"$(inherited)",
					"@executable_path/../Frameworks",
					"@loader_path/../Frameworks",
				);
				MACOSX_DEPLOYMENT_TARGET = 11.3;
				MARKETING_VERSION = 1.0;
				PRODUCT_BUNDLE_IDENTIFIER = "fede.Tests-macOS";
				PRODUCT_NAME = "$(TARGET_NAME)";
				SDKROOT = macosx;
				SWIFT_EMIT_LOC_STRINGS = NO;
				SWIFT_VERSION = 5.0;
				TEST_TARGET_NAME = "StaserainTv (macOS)";
			};
			name = Debug;
		};
		F242D28A276163F700589322 /* Release */ = {
			isa = XCBuildConfiguration;
			buildSettings = {
				ALWAYS_EMBED_SWIFT_STANDARD_LIBRARIES = YES;
				CODE_SIGN_STYLE = Automatic;
				COMBINE_HIDPI_IMAGES = YES;
				CURRENT_PROJECT_VERSION = 1;
				GENERATE_INFOPLIST_FILE = YES;
				LD_RUNPATH_SEARCH_PATHS = (
					"$(inherited)",
					"@executable_path/../Frameworks",
					"@loader_path/../Frameworks",
				);
				MACOSX_DEPLOYMENT_TARGET = 11.3;
				MARKETING_VERSION = 1.0;
				PRODUCT_BUNDLE_IDENTIFIER = "fede.Tests-macOS";
				PRODUCT_NAME = "$(TARGET_NAME)";
				SDKROOT = macosx;
				SWIFT_EMIT_LOC_STRINGS = NO;
				SWIFT_VERSION = 5.0;
				TEST_TARGET_NAME = "StaserainTv (macOS)";
			};
			name = Release;
		};
/* End XCBuildConfiguration section */

/* Begin XCConfigurationList section */
		F242D24D276163F400589322 /* Build configuration list for PBXProject "StaserainTv" */ = {
			isa = XCConfigurationList;
			buildConfigurations = (
				F242D27D276163F700589322 /* Debug */,
				F242D27E276163F700589322 /* Release */,
			);
			defaultConfigurationIsVisible = 0;
			defaultConfigurationName = Release;
		};
		F242D27F276163F700589322 /* Build configuration list for PBXNativeTarget "StaserainTv (iOS)" */ = {
			isa = XCConfigurationList;
			buildConfigurations = (
				F242D280276163F700589322 /* Debug */,
				F242D281276163F700589322 /* Release */,
			);
			defaultConfigurationIsVisible = 0;
			defaultConfigurationName = Release;
		};
		F242D282276163F700589322 /* Build configuration list for PBXNativeTarget "StaserainTv (macOS)" */ = {
			isa = XCConfigurationList;
			buildConfigurations = (
				F242D283276163F700589322 /* Debug */,
				F242D284276163F700589322 /* Release */,
			);
			defaultConfigurationIsVisible = 0;
			defaultConfigurationName = Release;
		};
		F242D285276163F700589322 /* Build configuration list for PBXNativeTarget "Tests iOS" */ = {
			isa = XCConfigurationList;
			buildConfigurations = (
				F242D286276163F700589322 /* Debug */,
				F242D287276163F700589322 /* Release */,
			);
			defaultConfigurationIsVisible = 0;
			defaultConfigurationName = Release;
		};
		F242D288276163F700589322 /* Build configuration list for PBXNativeTarget "Tests macOS" */ = {
			isa = XCConfigurationList;
			buildConfigurations = (
				F242D289276163F700589322 /* Debug */,
				F242D28A276163F700589322 /* Release */,
			);
			defaultConfigurationIsVisible = 0;
			defaultConfigurationName = Release;
		};
/* End XCConfigurationList section */
	};
	rootObject = F242D24A276163F400589322 /* Project object */;
}
